// !$*UTF8*$!
{
	archiveVersion = 1;
	classes = {
	};
	objectVersion = 51;
	objects = {

/* Begin PBXBuildFile section */
		30EBE54D8D030A67CFBF41D6 /* Pods_MemeMe0_1_ImagePicker.framework in Frameworks */ = {isa = PBXBuildFile; fileRef = 3052BB3705983F80B2922B08 /* Pods_MemeMe0_1_ImagePicker.framework */; };
		7766F845235A1718002EE2AB /* AppDelegate.swift in Sources */ = {isa = PBXBuildFile; fileRef = 7766F844235A1718002EE2AB /* AppDelegate.swift */; };
		7766F847235A1718002EE2AB /* SceneDelegate.swift in Sources */ = {isa = PBXBuildFile; fileRef = 7766F846235A1718002EE2AB /* SceneDelegate.swift */; };
		7766F84C235A1718002EE2AB /* Main.storyboard in Resources */ = {isa = PBXBuildFile; fileRef = 7766F84A235A1718002EE2AB /* Main.storyboard */; };
		7766F84E235A171A002EE2AB /* Assets.xcassets in Resources */ = {isa = PBXBuildFile; fileRef = 7766F84D235A171A002EE2AB /* Assets.xcassets */; };
		7766F851235A171A002EE2AB /* LaunchScreen.storyboard in Resources */ = {isa = PBXBuildFile; fileRef = 7766F84F235A171A002EE2AB /* LaunchScreen.storyboard */; };
		7766F85C235A171A002EE2AB /* MemeMe0_1_ImagePickerTests.swift in Sources */ = {isa = PBXBuildFile; fileRef = 7766F85B235A171A002EE2AB /* MemeMe0_1_ImagePickerTests.swift */; };
		776F88B22367CAF9007CEAD8 /* MemeTableViewController.swift in Sources */ = {isa = PBXBuildFile; fileRef = 776F88B12367CAF9007CEAD8 /* MemeTableViewController.swift */; };
		776F88B42367D4CD007CEAD8 /* Meme.swift in Sources */ = {isa = PBXBuildFile; fileRef = 776F88B32367D4CD007CEAD8 /* Meme.swift */; };
		77ADF5DB23679CED00A21BF4 /* MemeCollectionViewController.swift in Sources */ = {isa = PBXBuildFile; fileRef = 77ADF5DA23679CED00A21BF4 /* MemeCollectionViewController.swift */; };
		77ADF5E12367C40500A21BF4 /* MemeCollectionViewCell.swift in Sources */ = {isa = PBXBuildFile; fileRef = 77ADF5E02367C40500A21BF4 /* MemeCollectionViewCell.swift */; };
		77B2CF912364F36500615514 /* EditViewController.swift in Sources */ = {isa = PBXBuildFile; fileRef = 77B2CF902364F36500615514 /* EditViewController.swift */; };
		CC5E6018DEB0377789A61BDD /* Pods_MemeMe0_1_ImagePickerTests.framework in Frameworks */ = {isa = PBXBuildFile; fileRef = E900C2D4B9037AF106C8C3D5 /* Pods_MemeMe0_1_ImagePickerTests.framework */; };
/* End PBXBuildFile section */

/* Begin PBXContainerItemProxy section */
		7766F858235A171A002EE2AB /* PBXContainerItemProxy */ = {
			isa = PBXContainerItemProxy;
			containerPortal = 7766F839235A1718002EE2AB /* Project object */;
			proxyType = 1;
			remoteGlobalIDString = 7766F840235A1718002EE2AB;
			remoteInfo = "MemeMe0.1-ImagePicker";
		};
/* End PBXContainerItemProxy section */

/* Begin PBXFileReference section */
		3052BB3705983F80B2922B08 /* Pods_MemeMe0_1_ImagePicker.framework */ = {isa = PBXFileReference; explicitFileType = wrapper.framework; includeInIndex = 0; path = Pods_MemeMe0_1_ImagePicker.framework; sourceTree = BUILT_PRODUCTS_DIR; };
		52BD7192683211853F3148E4 /* Pods-MemeMe0.1-ImagePicker.debug.xcconfig */ = {isa = PBXFileReference; includeInIndex = 1; lastKnownFileType = text.xcconfig; name = "Pods-MemeMe0.1-ImagePicker.debug.xcconfig"; path = "Target Support Files/Pods-MemeMe0.1-ImagePicker/Pods-MemeMe0.1-ImagePicker.debug.xcconfig"; sourceTree = "<group>"; };
		666EF9CCCA492B82BB0D85EF /* Pods-MemeMe0.1-ImagePickerTests.debug.xcconfig */ = {isa = PBXFileReference; includeInIndex = 1; lastKnownFileType = text.xcconfig; name = "Pods-MemeMe0.1-ImagePickerTests.debug.xcconfig"; path = "Target Support Files/Pods-MemeMe0.1-ImagePickerTests/Pods-MemeMe0.1-ImagePickerTests.debug.xcconfig"; sourceTree = "<group>"; };
		7766F841235A1718002EE2AB /* MemeMe0.1.app */ = {isa = PBXFileReference; explicitFileType = wrapper.application; includeInIndex = 0; path = MemeMe0.1.app; sourceTree = BUILT_PRODUCTS_DIR; };
		7766F844235A1718002EE2AB /* AppDelegate.swift */ = {isa = PBXFileReference; lastKnownFileType = sourcecode.swift; path = AppDelegate.swift; sourceTree = "<group>"; };
		7766F846235A1718002EE2AB /* SceneDelegate.swift */ = {isa = PBXFileReference; lastKnownFileType = sourcecode.swift; path = SceneDelegate.swift; sourceTree = "<group>"; };
		7766F84B235A1718002EE2AB /* Base */ = {isa = PBXFileReference; lastKnownFileType = file.storyboard; name = Base; path = Base.lproj/Main.storyboard; sourceTree = "<group>"; };
		7766F84D235A171A002EE2AB /* Assets.xcassets */ = {isa = PBXFileReference; lastKnownFileType = folder.assetcatalog; path = Assets.xcassets; sourceTree = "<group>"; };
		7766F850235A171A002EE2AB /* Base */ = {isa = PBXFileReference; lastKnownFileType = file.storyboard; name = Base; path = Base.lproj/LaunchScreen.storyboard; sourceTree = "<group>"; };
		7766F852235A171A002EE2AB /* Info.plist */ = {isa = PBXFileReference; lastKnownFileType = text.plist.xml; path = Info.plist; sourceTree = "<group>"; };
		7766F857235A171A002EE2AB /* MemeMe0.1-ImagePickerTests.xctest */ = {isa = PBXFileReference; explicitFileType = wrapper.cfbundle; includeInIndex = 0; path = "MemeMe0.1-ImagePickerTests.xctest"; sourceTree = BUILT_PRODUCTS_DIR; };
		7766F85B235A171A002EE2AB /* MemeMe0_1_ImagePickerTests.swift */ = {isa = PBXFileReference; lastKnownFileType = sourcecode.swift; path = MemeMe0_1_ImagePickerTests.swift; sourceTree = "<group>"; };
		7766F85D235A171A002EE2AB /* Info.plist */ = {isa = PBXFileReference; lastKnownFileType = text.plist.xml; path = Info.plist; sourceTree = "<group>"; };
		776F88B12367CAF9007CEAD8 /* MemeTableViewController.swift */ = {isa = PBXFileReference; lastKnownFileType = sourcecode.swift; path = MemeTableViewController.swift; sourceTree = "<group>"; };
		776F88B32367D4CD007CEAD8 /* Meme.swift */ = {isa = PBXFileReference; lastKnownFileType = sourcecode.swift; path = Meme.swift; sourceTree = "<group>"; };
		77ADF5DA23679CED00A21BF4 /* MemeCollectionViewController.swift */ = {isa = PBXFileReference; lastKnownFileType = sourcecode.swift; path = MemeCollectionViewController.swift; sourceTree = "<group>"; };
		77ADF5E02367C40500A21BF4 /* MemeCollectionViewCell.swift */ = {isa = PBXFileReference; lastKnownFileType = sourcecode.swift; path = MemeCollectionViewCell.swift; sourceTree = "<group>"; };
		77B2CF902364F36500615514 /* EditViewController.swift */ = {isa = PBXFileReference; lastKnownFileType = sourcecode.swift; name = EditViewController.swift; path = ../../EditViewController.swift; sourceTree = "<group>"; };
		9DFE34C610638B08805DACC3 /* Pods-MemeMe0.1-ImagePickerTests.release.xcconfig */ = {isa = PBXFileReference; includeInIndex = 1; lastKnownFileType = text.xcconfig; name = "Pods-MemeMe0.1-ImagePickerTests.release.xcconfig"; path = "Target Support Files/Pods-MemeMe0.1-ImagePickerTests/Pods-MemeMe0.1-ImagePickerTests.release.xcconfig"; sourceTree = "<group>"; };
		BBA6341FAC2CAA423A30DB5A /* Pods-MemeMe0.1-ImagePicker.release.xcconfig */ = {isa = PBXFileReference; includeInIndex = 1; lastKnownFileType = text.xcconfig; name = "Pods-MemeMe0.1-ImagePicker.release.xcconfig"; path = "Target Support Files/Pods-MemeMe0.1-ImagePicker/Pods-MemeMe0.1-ImagePicker.release.xcconfig"; sourceTree = "<group>"; };
		E900C2D4B9037AF106C8C3D5 /* Pods_MemeMe0_1_ImagePickerTests.framework */ = {isa = PBXFileReference; explicitFileType = wrapper.framework; includeInIndex = 0; path = Pods_MemeMe0_1_ImagePickerTests.framework; sourceTree = BUILT_PRODUCTS_DIR; };
/* End PBXFileReference section */

/* Begin PBXFrameworksBuildPhase section */
		7766F83E235A1718002EE2AB /* Frameworks */ = {
			isa = PBXFrameworksBuildPhase;
			buildActionMask = 2147483647;
			files = (
				30EBE54D8D030A67CFBF41D6 /* Pods_MemeMe0_1_ImagePicker.framework in Frameworks */,
			);
			runOnlyForDeploymentPostprocessing = 0;
		};
		7766F854235A171A002EE2AB /* Frameworks */ = {
			isa = PBXFrameworksBuildPhase;
			buildActionMask = 2147483647;
			files = (
				CC5E6018DEB0377789A61BDD /* Pods_MemeMe0_1_ImagePickerTests.framework in Frameworks */,
			);
			runOnlyForDeploymentPostprocessing = 0;
		};
/* End PBXFrameworksBuildPhase section */

/* Begin PBXGroup section */
		5B208507F0AC20732609DFFE /* Pods */ = {
			isa = PBXGroup;
			children = (
				52BD7192683211853F3148E4 /* Pods-MemeMe0.1-ImagePicker.debug.xcconfig */,
				BBA6341FAC2CAA423A30DB5A /* Pods-MemeMe0.1-ImagePicker.release.xcconfig */,
				666EF9CCCA492B82BB0D85EF /* Pods-MemeMe0.1-ImagePickerTests.debug.xcconfig */,
				9DFE34C610638B08805DACC3 /* Pods-MemeMe0.1-ImagePickerTests.release.xcconfig */,
			);
			path = Pods;
			sourceTree = "<group>";
		};
		7766F838235A1718002EE2AB = {
			isa = PBXGroup;
			children = (
				7766F843235A1718002EE2AB /* MemeMe0.1-ImagePicker */,
				7766F85A235A171A002EE2AB /* MemeMe0.1-ImagePickerTests */,
				7766F842235A1718002EE2AB /* Products */,
				5B208507F0AC20732609DFFE /* Pods */,
				F6FE85A549E60AA3AD284583 /* Frameworks */,
			);
			sourceTree = "<group>";
		};
		7766F842235A1718002EE2AB /* Products */ = {
			isa = PBXGroup;
			children = (
				7766F841235A1718002EE2AB /* MemeMe0.1.app */,
				7766F857235A171A002EE2AB /* MemeMe0.1-ImagePickerTests.xctest */,
			);
			name = Products;
			sourceTree = "<group>";
		};
		7766F843235A1718002EE2AB /* MemeMe0.1-ImagePicker */ = {
			isa = PBXGroup;
			children = (
				7766F844235A1718002EE2AB /* AppDelegate.swift */,
				7766F846235A1718002EE2AB /* SceneDelegate.swift */,
				77B2CF902364F36500615514 /* EditViewController.swift */,
				776F88B32367D4CD007CEAD8 /* Meme.swift */,
				7766F84A235A1718002EE2AB /* Main.storyboard */,
				77ADF5DA23679CED00A21BF4 /* MemeCollectionViewController.swift */,
				776F88B12367CAF9007CEAD8 /* MemeTableViewController.swift */,
				77ADF5E02367C40500A21BF4 /* MemeCollectionViewCell.swift */,
				7766F84D235A171A002EE2AB /* Assets.xcassets */,
				7766F84F235A171A002EE2AB /* LaunchScreen.storyboard */,
				7766F852235A171A002EE2AB /* Info.plist */,
			);
			path = "MemeMe0.1-ImagePicker";
			sourceTree = "<group>";
		};
		7766F85A235A171A002EE2AB /* MemeMe0.1-ImagePickerTests */ = {
			isa = PBXGroup;
			children = (
				7766F85B235A171A002EE2AB /* MemeMe0_1_ImagePickerTests.swift */,
				7766F85D235A171A002EE2AB /* Info.plist */,
			);
			path = "MemeMe0.1-ImagePickerTests";
			sourceTree = "<group>";
		};
		F6FE85A549E60AA3AD284583 /* Frameworks */ = {
			isa = PBXGroup;
			children = (
				3052BB3705983F80B2922B08 /* Pods_MemeMe0_1_ImagePicker.framework */,
				E900C2D4B9037AF106C8C3D5 /* Pods_MemeMe0_1_ImagePickerTests.framework */,
			);
			name = Frameworks;
			sourceTree = "<group>";
		};
/* End PBXGroup section */

/* Begin PBXNativeTarget section */
		7766F840235A1718002EE2AB /* MemeMe0.1-ImagePicker */ = {
			isa = PBXNativeTarget;
			buildConfigurationList = 7766F860235A171A002EE2AB /* Build configuration list for PBXNativeTarget "MemeMe0.1-ImagePicker" */;
			buildPhases = (
				B9316B3FFDA7F42882A12E13 /* [CP] Check Pods Manifest.lock */,
				7766F83D235A1718002EE2AB /* Sources */,
				7766F83E235A1718002EE2AB /* Frameworks */,
				7766F83F235A1718002EE2AB /* Resources */,
				567CCDC0CE6CC022EC2D1023 /* [CP] Embed Pods Frameworks */,
			);
			buildRules = (
			);
			dependencies = (
			);
			name = "MemeMe0.1-ImagePicker";
			productName = "MemeMe0.1-ImagePicker";
			productReference = 7766F841235A1718002EE2AB /* MemeMe0.1.app */;
			productType = "com.apple.product-type.application";
		};
		7766F856235A171A002EE2AB /* MemeMe0.1-ImagePickerTests */ = {
			isa = PBXNativeTarget;
			buildConfigurationList = 7766F863235A171A002EE2AB /* Build configuration list for PBXNativeTarget "MemeMe0.1-ImagePickerTests" */;
			buildPhases = (
				1DE618E97A1707782629C3D6 /* [CP] Check Pods Manifest.lock */,
				7766F853235A171A002EE2AB /* Sources */,
				7766F854235A171A002EE2AB /* Frameworks */,
				7766F855235A171A002EE2AB /* Resources */,
			);
			buildRules = (
			);
			dependencies = (
				7766F859235A171A002EE2AB /* PBXTargetDependency */,
			);
			name = "MemeMe0.1-ImagePickerTests";
			productName = "MemeMe0.1-ImagePickerTests";
			productReference = 7766F857235A171A002EE2AB /* MemeMe0.1-ImagePickerTests.xctest */;
			productType = "com.apple.product-type.bundle.unit-test";
		};
/* End PBXNativeTarget section */

/* Begin PBXProject section */
		7766F839235A1718002EE2AB /* Project object */ = {
			isa = PBXProject;
			attributes = {
				LastSwiftUpdateCheck = 1100;
				LastUpgradeCheck = 1100;
				ORGANIZATIONNAME = "William Lewis";
				TargetAttributes = {
					7766F840235A1718002EE2AB = {
						CreatedOnToolsVersion = 11.0;
					};
					7766F856235A171A002EE2AB = {
						CreatedOnToolsVersion = 11.0;
						TestTargetID = 7766F840235A1718002EE2AB;
					};
				};
			};
			buildConfigurationList = 7766F83C235A1718002EE2AB /* Build configuration list for PBXProject "MemeMe0.1-ImagePicker" */;
			compatibilityVersion = "Xcode 9.3";
			developmentRegion = en;
			hasScannedForEncodings = 0;
			knownRegions = (
				en,
				Base,
			);
			mainGroup = 7766F838235A1718002EE2AB;
			productRefGroup = 7766F842235A1718002EE2AB /* Products */;
			projectDirPath = "";
			projectRoot = "";
			targets = (
				7766F840235A1718002EE2AB /* MemeMe0.1-ImagePicker */,
				7766F856235A171A002EE2AB /* MemeMe0.1-ImagePickerTests */,
			);
		};
/* End PBXProject section */

/* Begin PBXResourcesBuildPhase section */
		7766F83F235A1718002EE2AB /* Resources */ = {
			isa = PBXResourcesBuildPhase;
			buildActionMask = 2147483647;
			files = (
				7766F851235A171A002EE2AB /* LaunchScreen.storyboard in Resources */,
				7766F84E235A171A002EE2AB /* Assets.xcassets in Resources */,
				7766F84C235A1718002EE2AB /* Main.storyboard in Resources */,
			);
			runOnlyForDeploymentPostprocessing = 0;
		};
		7766F855235A171A002EE2AB /* Resources */ = {
			isa = PBXResourcesBuildPhase;
			buildActionMask = 2147483647;
			files = (
			);
			runOnlyForDeploymentPostprocessing = 0;
		};
/* End PBXResourcesBuildPhase section */

/* Begin PBXShellScriptBuildPhase section */
		1DE618E97A1707782629C3D6 /* [CP] Check Pods Manifest.lock */ = {
			isa = PBXShellScriptBuildPhase;
			buildActionMask = 2147483647;
			files = (
			);
			inputFileListPaths = (
			);
			inputPaths = (
				"${PODS_PODFILE_DIR_PATH}/Podfile.lock",
				"${PODS_ROOT}/Manifest.lock",
			);
			name = "[CP] Check Pods Manifest.lock";
			outputFileListPaths = (
			);
			outputPaths = (
				"$(DERIVED_FILE_DIR)/Pods-MemeMe0.1-ImagePickerTests-checkManifestLockResult.txt",
			);
			runOnlyForDeploymentPostprocessing = 0;
			shellPath = /bin/sh;
			shellScript = "diff \"${PODS_PODFILE_DIR_PATH}/Podfile.lock\" \"${PODS_ROOT}/Manifest.lock\" > /dev/null\nif [ $? != 0 ] ; then\n    # print error to STDERR\n    echo \"error: The sandbox is not in sync with the Podfile.lock. Run 'pod install' or update your CocoaPods installation.\" >&2\n    exit 1\nfi\n# This output is used by Xcode 'outputs' to avoid re-running this script phase.\necho \"SUCCESS\" > \"${SCRIPT_OUTPUT_FILE_0}\"\n";
			showEnvVarsInLog = 0;
		};
		567CCDC0CE6CC022EC2D1023 /* [CP] Embed Pods Frameworks */ = {
			isa = PBXShellScriptBuildPhase;
			buildActionMask = 2147483647;
			files = (
			);
			inputFileListPaths = (
				"${PODS_ROOT}/Target Support Files/Pods-MemeMe0.1-ImagePicker/Pods-MemeMe0.1-ImagePicker-frameworks-${CONFIGURATION}-input-files.xcfilelist",
			);
			name = "[CP] Embed Pods Frameworks";
			outputFileListPaths = (
				"${PODS_ROOT}/Target Support Files/Pods-MemeMe0.1-ImagePicker/Pods-MemeMe0.1-ImagePicker-frameworks-${CONFIGURATION}-output-files.xcfilelist",
			);
			runOnlyForDeploymentPostprocessing = 0;
			shellPath = /bin/sh;
			shellScript = "\"${PODS_ROOT}/Target Support Files/Pods-MemeMe0.1-ImagePicker/Pods-MemeMe0.1-ImagePicker-frameworks.sh\"\n";
			showEnvVarsInLog = 0;
		};
		B9316B3FFDA7F42882A12E13 /* [CP] Check Pods Manifest.lock */ = {
			isa = PBXShellScriptBuildPhase;
			buildActionMask = 2147483647;
			files = (
			);
			inputFileListPaths = (
			);
			inputPaths = (
				"${PODS_PODFILE_DIR_PATH}/Podfile.lock",
				"${PODS_ROOT}/Manifest.lock",
			);
			name = "[CP] Check Pods Manifest.lock";
			outputFileListPaths = (
			);
			outputPaths = (
				"$(DERIVED_FILE_DIR)/Pods-MemeMe0.1-ImagePicker-checkManifestLockResult.txt",
			);
			runOnlyForDeploymentPostprocessing = 0;
			shellPath = /bin/sh;
			shellScript = "diff \"${PODS_PODFILE_DIR_PATH}/Podfile.lock\" \"${PODS_ROOT}/Manifest.lock\" > /dev/null\nif [ $? != 0 ] ; then\n    # print error to STDERR\n    echo \"error: The sandbox is not in sync with the Podfile.lock. Run 'pod install' or update your CocoaPods installation.\" >&2\n    exit 1\nfi\n# This output is used by Xcode 'outputs' to avoid re-running this script phase.\necho \"SUCCESS\" > \"${SCRIPT_OUTPUT_FILE_0}\"\n";
			showEnvVarsInLog = 0;
		};
/* End PBXShellScriptBuildPhase section */

/* Begin PBXSourcesBuildPhase section */
		7766F83D235A1718002EE2AB /* Sources */ = {
			isa = PBXSourcesBuildPhase;
			buildActionMask = 2147483647;
			files = (
				77ADF5E12367C40500A21BF4 /* MemeCollectionViewCell.swift in Sources */,
				7766F845235A1718002EE2AB /* AppDelegate.swift in Sources */,
				776F88B42367D4CD007CEAD8 /* Meme.swift in Sources */,
				77B2CF912364F36500615514 /* EditViewController.swift in Sources */,
				776F88B22367CAF9007CEAD8 /* MemeTableViewController.swift in Sources */,
				77ADF5DB23679CED00A21BF4 /* MemeCollectionViewController.swift in Sources */,
				7766F847235A1718002EE2AB /* SceneDelegate.swift in Sources */,
			);
			runOnlyForDeploymentPostprocessing = 0;
		};
		7766F853235A171A002EE2AB /* Sources */ = {
			isa = PBXSourcesBuildPhase;
			buildActionMask = 2147483647;
			files = (
				7766F85C235A171A002EE2AB /* MemeMe0_1_ImagePickerTests.swift in Sources */,
			);
			runOnlyForDeploymentPostprocessing = 0;
		};
/* End PBXSourcesBuildPhase section */

/* Begin PBXTargetDependency section */
		7766F859235A171A002EE2AB /* PBXTargetDependency */ = {
			isa = PBXTargetDependency;
			target = 7766F840235A1718002EE2AB /* MemeMe0.1-ImagePicker */;
			targetProxy = 7766F858235A171A002EE2AB /* PBXContainerItemProxy */;
		};
/* End PBXTargetDependency section */

/* Begin PBXVariantGroup section */
		7766F84A235A1718002EE2AB /* Main.storyboard */ = {
			isa = PBXVariantGroup;
			children = (
				7766F84B235A1718002EE2AB /* Base */,
			);
			name = Main.storyboard;
			sourceTree = "<group>";
		};
		7766F84F235A171A002EE2AB /* LaunchScreen.storyboard */ = {
			isa = PBXVariantGroup;
			children = (
				7766F850235A171A002EE2AB /* Base */,
			);
			name = LaunchScreen.storyboard;
			sourceTree = "<group>";
		};
/* End PBXVariantGroup section */

/* Begin XCBuildConfiguration section */
		7766F85E235A171A002EE2AB /* Debug */ = {
			isa = XCBuildConfiguration;
			buildSettings = {
				ALWAYS_SEARCH_USER_PATHS = NO;
				CLANG_ANALYZER_NONNULL = YES;
				CLANG_ANALYZER_NUMBER_OBJECT_CONVERSION = YES_AGGRESSIVE;
				CLANG_CXX_LANGUAGE_STANDARD = "gnu++14";
				CLANG_CXX_LIBRARY = "libc++";
				CLANG_ENABLE_MODULES = YES;
				CLANG_ENABLE_OBJC_ARC = YES;
				CLANG_ENABLE_OBJC_WEAK = YES;
				CLANG_WARN_BLOCK_CAPTURE_AUTORELEASING = YES;
				CLANG_WARN_BOOL_CONVERSION = YES;
				CLANG_WARN_COMMA = YES;
				CLANG_WARN_CONSTANT_CONVERSION = YES;
				CLANG_WARN_DEPRECATED_OBJC_IMPLEMENTATIONS = YES;
				CLANG_WARN_DIRECT_OBJC_ISA_USAGE = YES_ERROR;
				CLANG_WARN_DOCUMENTATION_COMMENTS = YES;
				CLANG_WARN_EMPTY_BODY = YES;
				CLANG_WARN_ENUM_CONVERSION = YES;
				CLANG_WARN_INFINITE_RECURSION = YES;
				CLANG_WARN_INT_CONVERSION = YES;
				CLANG_WARN_NON_LITERAL_NULL_CONVERSION = YES;
				CLANG_WARN_OBJC_IMPLICIT_RETAIN_SELF = YES;
				CLANG_WARN_OBJC_LITERAL_CONVERSION = YES;
				CLANG_WARN_OBJC_ROOT_CLASS = YES_ERROR;
				CLANG_WARN_RANGE_LOOP_ANALYSIS = YES;
				CLANG_WARN_STRICT_PROTOTYPES = YES;
				CLANG_WARN_SUSPICIOUS_MOVE = YES;
				CLANG_WARN_UNGUARDED_AVAILABILITY = YES_AGGRESSIVE;
				CLANG_WARN_UNREACHABLE_CODE = YES;
				CLANG_WARN__DUPLICATE_METHOD_MATCH = YES;
				COPY_PHASE_STRIP = NO;
				DEBUG_INFORMATION_FORMAT = dwarf;
				ENABLE_STRICT_OBJC_MSGSEND = YES;
				ENABLE_TESTABILITY = YES;
				GCC_C_LANGUAGE_STANDARD = gnu11;
				GCC_DYNAMIC_NO_PIC = NO;
				GCC_NO_COMMON_BLOCKS = YES;
				GCC_OPTIMIZATION_LEVEL = 0;
				GCC_PREPROCESSOR_DEFINITIONS = (
					"DEBUG=1",
					"$(inherited)",
				);
				GCC_WARN_64_TO_32_BIT_CONVERSION = YES;
				GCC_WARN_ABOUT_RETURN_TYPE = YES_ERROR;
				GCC_WARN_UNDECLARED_SELECTOR = YES;
				GCC_WARN_UNINITIALIZED_AUTOS = YES_AGGRESSIVE;
				GCC_WARN_UNUSED_FUNCTION = YES;
				GCC_WARN_UNUSED_VARIABLE = YES;
				IPHONEOS_DEPLOYMENT_TARGET = 13.0;
				MTL_ENABLE_DEBUG_INFO = INCLUDE_SOURCE;
				MTL_FAST_MATH = YES;
				ONLY_ACTIVE_ARCH = YES;
				SDKROOT = iphoneos;
				SWIFT_ACTIVE_COMPILATION_CONDITIONS = DEBUG;
				SWIFT_OPTIMIZATION_LEVEL = "-Onone";
			};
			name = Debug;
		};
		7766F85F235A171A002EE2AB /* Release */ = {
			isa = XCBuildConfiguration;
			buildSettings = {
				ALWAYS_SEARCH_USER_PATHS = NO;
				CLANG_ANALYZER_NONNULL = YES;
				CLANG_ANALYZER_NUMBER_OBJECT_CONVERSION = YES_AGGRESSIVE;
				CLANG_CXX_LANGUAGE_STANDARD = "gnu++14";
				CLANG_CXX_LIBRARY = "libc++";
				CLANG_ENABLE_MODULES = YES;
				CLANG_ENABLE_OBJC_ARC = YES;
				CLANG_ENABLE_OBJC_WEAK = YES;
				CLANG_WARN_BLOCK_CAPTURE_AUTORELEASING = YES;
				CLANG_WARN_BOOL_CONVERSION = YES;
				CLANG_WARN_COMMA = YES;
				CLANG_WARN_CONSTANT_CONVERSION = YES;
				CLANG_WARN_DEPRECATED_OBJC_IMPLEMENTATIONS = YES;
				CLANG_WARN_DIRECT_OBJC_ISA_USAGE = YES_ERROR;
				CLANG_WARN_DOCUMENTATION_COMMENTS = YES;
				CLANG_WARN_EMPTY_BODY = YES;
				CLANG_WARN_ENUM_CONVERSION = YES;
				CLANG_WARN_INFINITE_RECURSION = YES;
				CLANG_WARN_INT_CONVERSION = YES;
				CLANG_WARN_NON_LITERAL_NULL_CONVERSION = YES;
				CLANG_WARN_OBJC_IMPLICIT_RETAIN_SELF = YES;
				CLANG_WARN_OBJC_LITERAL_CONVERSION = YES;
				CLANG_WARN_OBJC_ROOT_CLASS = YES_ERROR;
				CLANG_WARN_RANGE_LOOP_ANALYSIS = YES;
				CLANG_WARN_STRICT_PROTOTYPES = YES;
				CLANG_WARN_SUSPICIOUS_MOVE = YES;
				CLANG_WARN_UNGUARDED_AVAILABILITY = YES_AGGRESSIVE;
				CLANG_WARN_UNREACHABLE_CODE = YES;
				CLANG_WARN__DUPLICATE_METHOD_MATCH = YES;
				COPY_PHASE_STRIP = NO;
				DEBUG_INFORMATION_FORMAT = "dwarf-with-dsym";
				ENABLE_NS_ASSERTIONS = NO;
				ENABLE_STRICT_OBJC_MSGSEND = YES;
				GCC_C_LANGUAGE_STANDARD = gnu11;
				GCC_NO_COMMON_BLOCKS = YES;
				GCC_WARN_64_TO_32_BIT_CONVERSION = YES;
				GCC_WARN_ABOUT_RETURN_TYPE = YES_ERROR;
				GCC_WARN_UNDECLARED_SELECTOR = YES;
				GCC_WARN_UNINITIALIZED_AUTOS = YES_AGGRESSIVE;
				GCC_WARN_UNUSED_FUNCTION = YES;
				GCC_WARN_UNUSED_VARIABLE = YES;
				IPHONEOS_DEPLOYMENT_TARGET = 13.0;
				MTL_ENABLE_DEBUG_INFO = NO;
				MTL_FAST_MATH = YES;
				SDKROOT = iphoneos;
				SWIFT_COMPILATION_MODE = wholemodule;
				SWIFT_OPTIMIZATION_LEVEL = "-O";
				VALIDATE_PRODUCT = YES;
			};
			name = Release;
		};
		7766F861235A171A002EE2AB /* Debug */ = {
			isa = XCBuildConfiguration;
			baseConfigurationReference = 52BD7192683211853F3148E4 /* Pods-MemeMe0.1-ImagePicker.debug.xcconfig */;
			buildSettings = {
				ASSETCATALOG_COMPILER_APPICON_NAME = AppIcon;
				CODE_SIGN_STYLE = Automatic;
				DEVELOPMENT_TEAM = MDM9YLDF92;
				INFOPLIST_FILE = "MemeMe0.1-ImagePicker/Info.plist";
				LD_RUNPATH_SEARCH_PATHS = (
					"$(inherited)",
					"@executable_path/Frameworks",
				);
				PRODUCT_BUNDLE_IDENTIFIER = "io.williamlewis.MemeMe0-1-ImagePicker";
				PRODUCT_NAME = MemeMe0.1;
				SWIFT_VERSION = 5.0;
				TARGETED_DEVICE_FAMILY = "1,2";
			};
			name = Debug;
		};
		7766F862235A171A002EE2AB /* Release */ = {
			isa = XCBuildConfiguration;
			baseConfigurationReference = BBA6341FAC2CAA423A30DB5A /* Pods-MemeMe0.1-ImagePicker.release.xcconfig */;
			buildSettings = {
				ASSETCATALOG_COMPILER_APPICON_NAME = AppIcon;
				CODE_SIGN_STYLE = Automatic;
				DEVELOPMENT_TEAM = MDM9YLDF92;
				INFOPLIST_FILE = "MemeMe0.1-ImagePicker/Info.plist";
				LD_RUNPATH_SEARCH_PATHS = (
					"$(inherited)",
					"@executable_path/Frameworks",
				);
				PRODUCT_BUNDLE_IDENTIFIER = "io.williamlewis.MemeMe0-1-ImagePicker";
				PRODUCT_NAME = MemeMe0.1;
				SWIFT_VERSION = 5.0;
				TARGETED_DEVICE_FAMILY = "1,2";
			};
			name = Release;
		};
		7766F864235A171A002EE2AB /* Debug */ = {
			isa = XCBuildConfiguration;
			baseConfigurationReference = 666EF9CCCA492B82BB0D85EF /* Pods-MemeMe0.1-ImagePickerTests.debug.xcconfig */;
			buildSettings = {
				ALWAYS_EMBED_SWIFT_STANDARD_LIBRARIES = YES;
				BUNDLE_LOADER = "$(TEST_HOST)";
				CODE_SIGN_STYLE = Automatic;
				INFOPLIST_FILE = "MemeMe0.1-ImagePickerTests/Info.plist";
				IPHONEOS_DEPLOYMENT_TARGET = 13.0;
				LD_RUNPATH_SEARCH_PATHS = (
					"$(inherited)",
					"@executable_path/Frameworks",
					"@loader_path/Frameworks",
				);
				PRODUCT_BUNDLE_IDENTIFIER = "io.williamlewis.MemeMe0-1-ImagePickerTests";
				PRODUCT_NAME = "$(TARGET_NAME)";
				SWIFT_VERSION = 5.0;
				TARGETED_DEVICE_FAMILY = "1,2";
				TEST_HOST = "$(BUILT_PRODUCTS_DIR)/MemeMe0.1-ImagePicker.app/MemeMe0.1-ImagePicker";
			};
			name = Debug;
		};
		7766F865235A171A002EE2AB /* Release */ = {
			isa = XCBuildConfiguration;
			baseConfigurationReference = 9DFE34C610638B08805DACC3 /* Pods-MemeMe0.1-ImagePickerTests.release.xcconfig */;
			buildSettings = {
				ALWAYS_EMBED_SWIFT_STANDARD_LIBRARIES = YES;
				BUNDLE_LOADER = "$(TEST_HOST)";
				CODE_SIGN_STYLE = Automatic;
				INFOPLIST_FILE = "MemeMe0.1-ImagePickerTests/Info.plist";
				IPHONEOS_DEPLOYMENT_TARGET = 13.0;
				LD_RUNPATH_SEARCH_PATHS = (
					"$(inherited)",
					"@executable_path/Frameworks",
					"@loader_path/Frameworks",
				);
				PRODUCT_BUNDLE_IDENTIFIER = "io.williamlewis.MemeMe0-1-ImagePickerTests";
				PRODUCT_NAME = "$(TARGET_NAME)";
				SWIFT_VERSION = 5.0;
				TARGETED_DEVICE_FAMILY = "1,2";
				TEST_HOST = "$(BUILT_PRODUCTS_DIR)/MemeMe0.1-ImagePicker.app/MemeMe0.1-ImagePicker";
			};
			name = Release;
		};
/* End XCBuildConfiguration section */

/* Begin XCConfigurationList section */
		7766F83C235A1718002EE2AB /* Build configuration list for PBXProject "MemeMe0.1-ImagePicker" */ = {
			isa = XCConfigurationList;
			buildConfigurations = (
				7766F85E235A171A002EE2AB /* Debug */,
				7766F85F235A171A002EE2AB /* Release */,
			);
			defaultConfigurationIsVisible = 0;
			defaultConfigurationName = Release;
		};
		7766F860235A171A002EE2AB /* Build configuration list for PBXNativeTarget "MemeMe0.1-ImagePicker" */ = {
			isa = XCConfigurationList;
			buildConfigurations = (
				7766F861235A171A002EE2AB /* Debug */,
				7766F862235A171A002EE2AB /* Release */,
			);
			defaultConfigurationIsVisible = 0;
			defaultConfigurationName = Release;
		};
		7766F863235A171A002EE2AB /* Build configuration list for PBXNativeTarget "MemeMe0.1-ImagePickerTests" */ = {
			isa = XCConfigurationList;
			buildConfigurations = (
				7766F864235A171A002EE2AB /* Debug */,
				7766F865235A171A002EE2AB /* Release */,
			);
			defaultConfigurationIsVisible = 0;
			defaultConfigurationName = Release;
		};
/* End XCConfigurationList section */
	};
	rootObject = 7766F839235A1718002EE2AB /* Project object */;
}
